dependencies:
  idf:
    source:
      type: idf
    version: 6.1.0
  lvgl/lvgl:
    dependencies: []
    source:
      path: components/lvgl__lvgl
      type: local
    version: 8.2.0
direct_dependencies:
- idf
- lvgl/lvgl
manifest_hash: 7bf1fb2108074131d59b17ccc7087a480d4e6f0c05824312faeffc8b6bc2915d
target: esp32
version: 3.0.0
